
Microsoft Visual Studio Solution File, Format Version 12.00
# Visual Studio Version 17
VisualStudioVersion = 17.0.31903.59
MinimumVisualStudioVersion = 10.0.40219.1
Project("{2150E333-8FDC-42A3-9474-1A3956D46DE8}") = "src", "src", "{827E0CD3-B72D-47B6-A68D-7590B98EB39B}"
EndProject
Project("{FAE04EC0-301F-11D3-BF4B-00C04F79EFBC}") = "BubbleApp.Api", "src\BubbleApp.Api\BubbleApp.Api.csproj", "{EA787E49-0C93-4ADD-A6F4-0CCBCCBEDAA6}"
EndProject
Project("{FAE04EC0-301F-11D3-BF4B-00C04F79EFBC}") = "BubbleApp.Core", "src\BubbleApp.Core\BubbleApp.Core.csproj", "{46225DF3-95FC-4098-AF6D-2FF2D595B69B}"
EndProject
Project("{FAE04EC0-301F-11D3-BF4B-00C04F79EFBC}") = "BubbleApp.Data", "src\BubbleApp.Data\BubbleApp.Data.csproj", "{E03A3EF0-A371-4974-85FA-91E1E906C9E8}"
EndProject
Project("{FAE04EC0-301F-11D3-BF4B-00C04F79EFBC}") = "BubbleApp.Common", "src\BubbleApp.Common\BubbleApp.Common.csproj", "{9CEDEBA3-53F6-44EE-AE45-B202DA1A77F1}"
EndProject
Project("{2150E333-8FDC-42A3-9474-1A3956D46DE8}") = "tests", "tests", "{0AB3BF05-4346-4AA6-1389-037BE0695223}"
EndProject
Project("{FAE04EC0-301F-11D3-BF4B-00C04F79EFBC}") = "BubbleApp.Api.Tests", "tests\BubbleApp.Api.Tests\BubbleApp.Api.Tests.csproj", "{27DABA59-59F7-49A6-88D6-8793B2AC7E5C}"
EndProject
Project("{FAE04EC0-301F-11D3-BF4B-00C04F79EFBC}") = "BubbleApp.Core.Tests", "tests\BubbleApp.Core.Tests\BubbleApp.Core.Tests.csproj", "{7FCE1055-E0D9-4568-9A10-CA26A5794408}"
EndProject
Project("{FAE04EC0-301F-11D3-BF4B-00C04F79EFBC}") = "BubbleApp.Data.Tests", "tests\BubbleApp.Data.Tests\BubbleApp.Data.Tests.csproj", "{B3984BA9-5CB9-40DF-8039-B1BC2D6DD418}"
EndProject
Project("{FAE04EC0-301F-11D3-BF4B-00C04F79EFBC}") = "BubbleApp.Common.Tests", "tests\BubbleApp.Common.Tests\BubbleApp.Common.Tests.csproj", "{7BAA0A74-B796-47F9-9C3D-C53C035571DD}"
EndProject
Global
	GlobalSection(SolutionConfigurationPlatforms) = preSolution
		Debug|Any CPU = Debug|Any CPU
		Debug|x64 = Debug|x64
		Debug|x86 = Debug|x86
		Release|Any CPU = Release|Any CPU
		Release|x64 = Release|x64
		Release|x86 = Release|x86
	EndGlobalSection
	GlobalSection(ProjectConfigurationPlatforms) = postSolution
		{EA787E49-0C93-4ADD-A6F4-0CCBCCBEDAA6}.Debug|Any CPU.ActiveCfg = Debug|Any CPU
		{EA787E49-0C93-4ADD-A6F4-0CCBCCBEDAA6}.Debug|Any CPU.Build.0 = Debug|Any CPU
		{EA787E49-0C93-4ADD-A6F4-0CCBCCBEDAA6}.Debug|x64.ActiveCfg = Debug|Any CPU
		{EA787E49-0C93-4ADD-A6F4-0CCBCCBEDAA6}.Debug|x64.Build.0 = Debug|Any CPU
		{EA787E49-0C93-4ADD-A6F4-0CCBCCBEDAA6}.Debug|x86.ActiveCfg = Debug|Any CPU
		{EA787E49-0C93-4ADD-A6F4-0CCBCCBEDAA6}.Debug|x86.Build.0 = Debug|Any CPU
		{EA787E49-0C93-4ADD-A6F4-0CCBCCBEDAA6}.Release|Any CPU.ActiveCfg = Release|Any CPU
		{EA787E49-0C93-4ADD-A6F4-0CCBCCBEDAA6}.Release|Any CPU.Build.0 = Release|Any CPU
		{EA787E49-0C93-4ADD-A6F4-0CCBCCBEDAA6}.Release|x64.ActiveCfg = Release|Any CPU
		{EA787E49-0C93-4ADD-A6F4-0CCBCCBEDAA6}.Release|x64.Build.0 = Release|Any CPU
		{EA787E49-0C93-4ADD-A6F4-0CCBCCBEDAA6}.Release|x86.ActiveCfg = Release|Any CPU
		{EA787E49-0C93-4ADD-A6F4-0CCBCCBEDAA6}.Release|x86.Build.0 = Release|Any CPU
		{46225DF3-95FC-4098-AF6D-2FF2D595B69B}.Debug|Any CPU.ActiveCfg = Debug|Any CPU
		{46225DF3-95FC-4098-AF6D-2FF2D595B69B}.Debug|Any CPU.Build.0 = Debug|Any CPU
		{46225DF3-95FC-4098-AF6D-2FF2D595B69B}.Debug|x64.ActiveCfg = Debug|Any CPU
		{46225DF3-95FC-4098-AF6D-2FF2D595B69B}.Debug|x64.Build.0 = Debug|Any CPU
		{46225DF3-95FC-4098-AF6D-2FF2D595B69B}.Debug|x86.ActiveCfg = Debug|Any CPU
		{46225DF3-95FC-4098-AF6D-2FF2D595B69B}.Debug|x86.Build.0 = Debug|Any CPU
		{46225DF3-95FC-4098-AF6D-2FF2D595B69B}.Release|Any CPU.ActiveCfg = Release|Any CPU
		{46225DF3-95FC-4098-AF6D-2FF2D595B69B}.Release|Any CPU.Build.0 = Release|Any CPU
		{46225DF3-95FC-4098-AF6D-2FF2D595B69B}.Release|x64.ActiveCfg = Release|Any CPU
		{46225DF3-95FC-4098-AF6D-2FF2D595B69B}.Release|x64.Build.0 = Release|Any CPU
		{46225DF3-95FC-4098-AF6D-2FF2D595B69B}.Release|x86.ActiveCfg = Release|Any CPU
		{46225DF3-95FC-4098-AF6D-2FF2D595B69B}.Release|x86.Build.0 = Release|Any CPU
		{E03A3EF0-A371-4974-85FA-91E1E906C9E8}.Debug|Any CPU.ActiveCfg = Debug|Any CPU
		{E03A3EF0-A371-4974-85FA-91E1E906C9E8}.Debug|Any CPU.Build.0 = Debug|Any CPU
		{E03A3EF0-A371-4974-85FA-91E1E906C9E8}.Debug|x64.ActiveCfg = Debug|Any CPU
		{E03A3EF0-A371-4974-85FA-91E1E906C9E8}.Debug|x64.Build.0 = Debug|Any CPU
		{E03A3EF0-A371-4974-85FA-91E1E906C9E8}.Debug|x86.ActiveCfg = Debug|Any CPU
		{E03A3EF0-A371-4974-85FA-91E1E906C9E8}.Debug|x86.Build.0 = Debug|Any CPU
		{E03A3EF0-A371-4974-85FA-91E1E906C9E8}.Release|Any CPU.ActiveCfg = Release|Any CPU
		{E03A3EF0-A371-4974-85FA-91E1E906C9E8}.Release|Any CPU.Build.0 = Release|Any CPU
		{E03A3EF0-A371-4974-85FA-91E1E906C9E8}.Release|x64.ActiveCfg = Release|Any CPU
		{E03A3EF0-A371-4974-85FA-91E1E906C9E8}.Release|x64.Build.0 = Release|Any CPU
		{E03A3EF0-A371-4974-85FA-91E1E906C9E8}.Release|x86.ActiveCfg = Release|Any CPU
		{E03A3EF0-A371-4974-85FA-91E1E906C9E8}.Release|x86.Build.0 = Release|Any CPU
		{9CEDEBA3-53F6-44EE-AE45-B202DA1A77F1}.Debug|Any CPU.ActiveCfg = Debug|Any CPU
		{9CEDEBA3-53F6-44EE-AE45-B202DA1A77F1}.Debug|Any CPU.Build.0 = Debug|Any CPU
		{9CEDEBA3-53F6-44EE-AE45-B202DA1A77F1}.Debug|x64.ActiveCfg = Debug|Any CPU
		{9CEDEBA3-53F6-44EE-AE45-B202DA1A77F1}.Debug|x64.Build.0 = Debug|Any CPU
		{9CEDEBA3-53F6-44EE-AE45-B202DA1A77F1}.Debug|x86.ActiveCfg = Debug|Any CPU
		{9CEDEBA3-53F6-44EE-AE45-B202DA1A77F1}.Debug|x86.Build.0 = Debug|Any CPU
		{9CEDEBA3-53F6-44EE-AE45-B202DA1A77F1}.Release|Any CPU.ActiveCfg = Release|Any CPU
		{9CEDEBA3-53F6-44EE-AE45-B202DA1A77F1}.Release|Any CPU.Build.0 = Release|Any CPU
		{9CEDEBA3-53F6-44EE-AE45-B202DA1A77F1}.Release|x64.ActiveCfg = Release|Any CPU
		{9CEDEBA3-53F6-44EE-AE45-B202DA1A77F1}.Release|x64.Build.0 = Release|Any CPU
		{9CEDEBA3-53F6-44EE-AE45-B202DA1A77F1}.Release|x86.ActiveCfg = Release|Any CPU
		{9CEDEBA3-53F6-44EE-AE45-B202DA1A77F1}.Release|x86.Build.0 = Release|Any CPU
		{27DABA59-59F7-49A6-88D6-8793B2AC7E5C}.Debug|Any CPU.ActiveCfg = Debug|Any CPU
		{27DABA59-59F7-49A6-88D6-8793B2AC7E5C}.Debug|Any CPU.Build.0 = Debug|Any CPU
		{27DABA59-59F7-49A6-88D6-8793B2AC7E5C}.Debug|x64.ActiveCfg = Debug|Any CPU
		{27DABA59-59F7-49A6-88D6-8793B2AC7E5C}.Debug|x64.Build.0 = Debug|Any CPU
		{27DABA59-59F7-49A6-88D6-8793B2AC7E5C}.Debug|x86.ActiveCfg = Debug|Any CPU
		{27DABA59-59F7-49A6-88D6-8793B2AC7E5C}.Debug|x86.Build.0 = Debug|Any CPU
		{27DABA59-59F7-49A6-88D6-8793B2AC7E5C}.Release|Any CPU.ActiveCfg = Release|Any CPU
		{27DABA59-59F7-49A6-88D6-8793B2AC7E5C}.Release|Any CPU.Build.0 = Release|Any CPU
		{27DABA59-59F7-49A6-88D6-8793B2AC7E5C}.Release|x64.ActiveCfg = Release|Any CPU
		{27DABA59-59F7-49A6-88D6-8793B2AC7E5C}.Release|x64.Build.0 = Release|Any CPU
		{27DABA59-59F7-49A6-88D6-8793B2AC7E5C}.Release|x86.ActiveCfg = Release|Any CPU
		{27DABA59-59F7-49A6-88D6-8793B2AC7E5C}.Release|x86.Build.0 = Release|Any CPU
		{7FCE1055-E0D9-4568-9A10-CA26A5794408}.Debug|Any CPU.ActiveCfg = Debug|Any CPU
		{7FCE1055-E0D9-4568-9A10-CA26A5794408}.Debug|Any CPU.Build.0 = Debug|Any CPU
		{7FCE1055-E0D9-4568-9A10-CA26A5794408}.Debug|x64.ActiveCfg = Debug|Any CPU
		{7FCE1055-E0D9-4568-9A10-CA26A5794408}.Debug|x64.Build.0 = Debug|Any CPU
		{7FCE1055-E0D9-4568-9A10-CA26A5794408}.Debug|x86.ActiveCfg = Debug|Any CPU
		{7FCE1055-E0D9-4568-9A10-CA26A5794408}.Debug|x86.Build.0 = Debug|Any CPU
		{7FCE1055-E0D9-4568-9A10-CA26A5794408}.Release|Any CPU.ActiveCfg = Release|Any CPU
		{7FCE1055-E0D9-4568-9A10-CA26A5794408}.Release|Any CPU.Build.0 = Release|Any CPU
		{7FCE1055-E0D9-4568-9A10-CA26A5794408}.Release|x64.ActiveCfg = Release|Any CPU
		{7FCE1055-E0D9-4568-9A10-CA26A5794408}.Release|x64.Build.0 = Release|Any CPU
		{7FCE1055-E0D9-4568-9A10-CA26A5794408}.Release|x86.ActiveCfg = Release|Any CPU
		{7FCE1055-E0D9-4568-9A10-CA26A5794408}.Release|x86.Build.0 = Release|Any CPU
		{B3984BA9-5CB9-40DF-8039-B1BC2D6DD418}.Debug|Any CPU.ActiveCfg = Debug|Any CPU
		{B3984BA9-5CB9-40DF-8039-B1BC2D6DD418}.Debug|Any CPU.Build.0 = Debug|Any CPU
		{B3984BA9-5CB9-40DF-8039-B1BC2D6DD418}.Debug|x64.ActiveCfg = Debug|Any CPU
		{B3984BA9-5CB9-40DF-8039-B1BC2D6DD418}.Debug|x64.Build.0 = Debug|Any CPU
		{B3984BA9-5CB9-40DF-8039-B1BC2D6DD418}.Debug|x86.ActiveCfg = Debug|Any CPU
		{B3984BA9-5CB9-40DF-8039-B1BC2D6DD418}.Debug|x86.Build.0 = Debug|Any CPU
		{B3984BA9-5CB9-40DF-8039-B1BC2D6DD418}.Release|Any CPU.ActiveCfg = Release|Any CPU
		{B3984BA9-5CB9-40DF-8039-B1BC2D6DD418}.Release|Any CPU.Build.0 = Release|Any CPU
		{B3984BA9-5CB9-40DF-8039-B1BC2D6DD418}.Release|x64.ActiveCfg = Release|Any CPU
		{B3984BA9-5CB9-40DF-8039-B1BC2D6DD418}.Release|x64.Build.0 = Release|Any CPU
		{B3984BA9-5CB9-40DF-8039-B1BC2D6DD418}.Release|x86.ActiveCfg = Release|Any CPU
		{B3984BA9-5CB9-40DF-8039-B1BC2D6DD418}.Release|x86.Build.0 = Release|Any CPU
		{7BAA0A74-B796-47F9-9C3D-C53C035571DD}.Debug|Any CPU.ActiveCfg = Debug|Any CPU
		{7BAA0A74-B796-47F9-9C3D-C53C035571DD}.Debug|Any CPU.Build.0 = Debug|Any CPU
		{7BAA0A74-B796-47F9-9C3D-C53C035571DD}.Debug|x64.ActiveCfg = Debug|Any CPU
		{7BAA0A74-B796-47F9-9C3D-C53C035571DD}.Debug|x64.Build.0 = Debug|Any CPU
		{7BAA0A74-B796-47F9-9C3D-C53C035571DD}.Debug|x86.ActiveCfg = Debug|Any CPU
		{7BAA0A74-B796-47F9-9C3D-C53C035571DD}.Debug|x86.Build.0 = Debug|Any CPU
		{7BAA0A74-B796-47F9-9C3D-C53C035571DD}.Release|Any CPU.ActiveCfg = Release|Any CPU
		{7BAA0A74-B796-47F9-9C3D-C53C035571DD}.Release|Any CPU.Build.0 = Release|Any CPU
		{7BAA0A74-B796-47F9-9C3D-C53C035571DD}.Release|x64.ActiveCfg = Release|Any CPU
		{7BAA0A74-B796-47F9-9C3D-C53C035571DD}.Release|x64.Build.0 = Release|Any CPU
		{7BAA0A74-B796-47F9-9C3D-C53C035571DD}.Release|x86.ActiveCfg = Release|Any CPU
		{7BAA0A74-B796-47F9-9C3D-C53C035571DD}.Release|x86.Build.0 = Release|Any CPU
	EndGlobalSection
	GlobalSection(SolutionProperties) = preSolution
		HideSolutionNode = FALSE
	EndGlobalSection
	GlobalSection(NestedProjects) = preSolution
		{EA787E49-0C93-4ADD-A6F4-0CCBCCBEDAA6} = {827E0CD3-B72D-47B6-A68D-7590B98EB39B}
		{46225DF3-95FC-4098-AF6D-2FF2D595B69B} = {827E0CD3-B72D-47B6-A68D-7590B98EB39B}
		{E03A3EF0-A371-4974-85FA-91E1E906C9E8} = {827E0CD3-B72D-47B6-A68D-7590B98EB39B}
		{9CEDEBA3-53F6-44EE-AE45-B202DA1A77F1} = {827E0CD3-B72D-47B6-A68D-7590B98EB39B}
		{27DABA59-59F7-49A6-88D6-8793B2AC7E5C} = {0AB3BF05-4346-4AA6-1389-037BE0695223}
		{7FCE1055-E0D9-4568-9A10-CA26A5794408} = {0AB3BF05-4346-4AA6-1389-037BE0695223}
		{B3984BA9-5CB9-40DF-8039-B1BC2D6DD418} = {0AB3BF05-4346-4AA6-1389-037BE0695223}
		{7BAA0A74-B796-47F9-9C3D-C53C035571DD} = {0AB3BF05-4346-4AA6-1389-037BE0695223}
	EndGlobalSection
EndGlobal
